
Microsoft Visual Studio Solution File, Format Version 12.00
# Visual Studio Version 16
VisualStudioVersion = 16.0.30204.135
MinimumVisualStudioVersion = 10.0.40219.1
Project("{FAE04EC0-301F-11D3-BF4B-00C04F79EFBC}") = "XemphimOnline", "XemphimOnline\XemphimOnline.csproj", "{C30A2A5E-C128-40FE-B58D-38ACF0DC29F2}"
EndProject
Global
	GlobalSection(SolutionConfigurationPlatforms) = preSolution
		Debug|Any CPU = Debug|Any CPU
		Release|Any CPU = Release|Any CPU
	EndGlobalSection
	GlobalSection(ProjectConfigurationPlatforms) = postSolution
		{C30A2A5E-C128-40FE-B58D-38ACF0DC29F2}.Debug|Any CPU.ActiveCfg = Debug|Any CPU
		{C30A2A5E-C128-40FE-B58D-38ACF0DC29F2}.Debug|Any CPU.Build.0 = Debug|Any CPU
		{C30A2A5E-C128-40FE-B58D-38ACF0DC29F2}.Release|Any CPU.ActiveCfg = Release|Any CPU
		{C30A2A5E-C128-40FE-B58D-38ACF0DC29F2}.Release|Any CPU.Build.0 = Release|Any CPU
	EndGlobalSection
	GlobalSection(SolutionProperties) = preSolution
		HideSolutionNode = FALSE
	EndGlobalSection
	GlobalSection(ExtensibilityGlobals) = postSolution
		SolutionGuid = {6E81396B-7A03-4ABE-9A85-BF9E278A8A7A}
	EndGlobalSection
EndGlobal
